
Microsoft Visual Studio Solution File, Format Version 12.00
# Visual Studio Version 16
VisualStudioVersion = 16.0.32228.343
MinimumVisualStudioVersion = 10.0.40219.1
Project("{FAE04EC0-301F-11D3-BF4B-00C04F79EFBC}") = "apiTestIntern", "apiTestIntern\apiTestIntern.csproj", "{42A6FDB0-5953-4A00-A76B-6A18B595AB7E}"
EndProject
Global
	GlobalSection(SolutionConfigurationPlatforms) = preSolution
		Debug|Any CPU = Debug|Any CPU
		Release|Any CPU = Release|Any CPU
	EndGlobalSection
	GlobalSection(ProjectConfigurationPlatforms) = postSolution
		{42A6FDB0-5953-4A00-A76B-6A18B595AB7E}.Debug|Any CPU.ActiveCfg = Debug|Any CPU
		{42A6FDB0-5953-4A00-A76B-6A18B595AB7E}.Debug|Any CPU.Build.0 = Debug|Any CPU
		{42A6FDB0-5953-4A00-A76B-6A18B595AB7E}.Release|Any CPU.ActiveCfg = Release|Any CPU
		{42A6FDB0-5953-4A00-A76B-6A18B595AB7E}.Release|Any CPU.Build.0 = Release|Any CPU
	EndGlobalSection
	GlobalSection(SolutionProperties) = preSolution
		HideSolutionNode = FALSE
	EndGlobalSection
	GlobalSection(ExtensibilityGlobals) = postSolution
		SolutionGuid = {68F37100-AA01-4FDD-AC9F-3FFE60288AAF}
	EndGlobalSection
EndGlobal
